# THIS IS AN AUTOGENERATED FILE. DO NOT EDIT THIS FILE DIRECTLY.
# yarn lockfile v1


subtitles-parser@^0.0.2:
  version "0.0.2"
  resolved "https://registry.yarnpkg.com/subtitles-parser/-/subtitles-parser-0.0.2.tgz#cf2fcc3e397b1c7f831e1365f6b3ce37d3155194"
  integrity sha1-zy/MPjl7HH+DHhNl9rPON9MVUZQ=
